
Microsoft Visual Studio Solution File, Format Version 12.00
# Visual Studio 15
VisualStudioVersion = 15.0.28307.168
MinimumVisualStudioVersion = 10.0.40219.1
Project("{FAE04EC0-301F-11D3-BF4B-00C04F79EFBC}") = "Abaco.Android", "Abaco\Abaco.Android\Abaco.Android.csproj", "{4790D5FD-A1EF-4F1F-B51D-700028C93C52}"
EndProject
Project("{FAE04EC0-301F-11D3-BF4B-00C04F79EFBC}") = "Abaco.iOS", "Abaco\Abaco.iOS\Abaco.iOS.csproj", "{80203F75-4AE3-4CBD-AFAA-93A74660A63E}"
EndProject
Project("{9A19103F-16F7-4668-BE54-9A1E7A4F7556}") = "Abaco", "Abaco\Abaco\Abaco.csproj", "{DC3A13B0-F5E2-40D3-8D1A-42F91B170275}"
EndProject
Global
	GlobalSection(SolutionConfigurationPlatforms) = preSolution
		Ad-Hoc|Any CPU = Ad-Hoc|Any CPU
		Ad-Hoc|ARM = Ad-Hoc|ARM
		Ad-Hoc|iPhone = Ad-Hoc|iPhone
		Ad-Hoc|iPhoneSimulator = Ad-Hoc|iPhoneSimulator
		Ad-Hoc|x64 = Ad-Hoc|x64
		Ad-Hoc|x86 = Ad-Hoc|x86
		AppStore|Any CPU = AppStore|Any CPU
		AppStore|ARM = AppStore|ARM
		AppStore|iPhone = AppStore|iPhone
		AppStore|iPhoneSimulator = AppStore|iPhoneSimulator
		AppStore|x64 = AppStore|x64
		AppStore|x86 = AppStore|x86
		Debug|Any CPU = Debug|Any CPU
		Debug|ARM = Debug|ARM
		Debug|iPhone = Debug|iPhone
		Debug|iPhoneSimulator = Debug|iPhoneSimulator
		Debug|x64 = Debug|x64
		Debug|x86 = Debug|x86
		Release|Any CPU = Release|Any CPU
		Release|ARM = Release|ARM
		Release|iPhone = Release|iPhone
		Release|iPhoneSimulator = Release|iPhoneSimulator
		Release|x64 = Release|x64
		Release|x86 = Release|x86
	EndGlobalSection
	GlobalSection(ProjectConfigurationPlatforms) = postSolution
		{4790D5FD-A1EF-4F1F-B51D-700028C93C52}.Ad-Hoc|Any CPU.ActiveCfg = Release|Any CPU
		{4790D5FD-A1EF-4F1F-B51D-700028C93C52}.Ad-Hoc|Any CPU.Build.0 = Release|Any CPU
		{4790D5FD-A1EF-4F1F-B51D-700028C93C52}.Ad-Hoc|Any CPU.Deploy.0 = Release|Any CPU
		{4790D5FD-A1EF-4F1F-B51D-700028C93C52}.Ad-Hoc|ARM.ActiveCfg = Release|Any CPU
		{4790D5FD-A1EF-4F1F-B51D-700028C93C52}.Ad-Hoc|ARM.Build.0 = Release|Any CPU
		{4790D5FD-A1EF-4F1F-B51D-700028C93C52}.Ad-Hoc|ARM.Deploy.0 = Release|Any CPU
		{4790D5FD-A1EF-4F1F-B51D-700028C93C52}.Ad-Hoc|iPhone.ActiveCfg = Release|Any CPU
		{4790D5FD-A1EF-4F1F-B51D-700028C93C52}.Ad-Hoc|iPhone.Build.0 = Release|Any CPU
		{4790D5FD-A1EF-4F1F-B51D-700028C93C52}.Ad-Hoc|iPhone.Deploy.0 = Release|Any CPU
		{4790D5FD-A1EF-4F1F-B51D-700028C93C52}.Ad-Hoc|iPhoneSimulator.ActiveCfg = Release|Any CPU
		{4790D5FD-A1EF-4F1F-B51D-700028C93C52}.Ad-Hoc|iPhoneSimulator.Build.0 = Release|Any CPU
		{4790D5FD-A1EF-4F1F-B51D-700028C93C52}.Ad-Hoc|iPhoneSimulator.Deploy.0 = Release|Any CPU
		{4790D5FD-A1EF-4F1F-B51D-700028C93C52}.Ad-Hoc|x64.ActiveCfg = Release|Any CPU
		{4790D5FD-A1EF-4F1F-B51D-700028C93C52}.Ad-Hoc|x64.Build.0 = Release|Any CPU
		{4790D5FD-A1EF-4F1F-B51D-700028C93C52}.Ad-Hoc|x64.Deploy.0 = Release|Any CPU
		{4790D5FD-A1EF-4F1F-B51D-700028C93C52}.Ad-Hoc|x86.ActiveCfg = Release|Any CPU
		{4790D5FD-A1EF-4F1F-B51D-700028C93C52}.Ad-Hoc|x86.Build.0 = Release|Any CPU
		{4790D5FD-A1EF-4F1F-B51D-700028C93C52}.Ad-Hoc|x86.Deploy.0 = Release|Any CPU
		{4790D5FD-A1EF-4F1F-B51D-700028C93C52}.AppStore|Any CPU.ActiveCfg = Release|Any CPU
		{4790D5FD-A1EF-4F1F-B51D-700028C93C52}.AppStore|Any CPU.Build.0 = Release|Any CPU
		{4790D5FD-A1EF-4F1F-B51D-700028C93C52}.AppStore|Any CPU.Deploy.0 = Release|Any CPU
		{4790D5FD-A1EF-4F1F-B51D-700028C93C52}.AppStore|ARM.ActiveCfg = Release|Any CPU
		{4790D5FD-A1EF-4F1F-B51D-700028C93C52}.AppStore|ARM.Build.0 = Release|Any CPU
		{4790D5FD-A1EF-4F1F-B51D-700028C93C52}.AppStore|ARM.Deploy.0 = Release|Any CPU
		{4790D5FD-A1EF-4F1F-B51D-700028C93C52}.AppStore|iPhone.ActiveCfg = Release|Any CPU
		{4790D5FD-A1EF-4F1F-B51D-700028C93C52}.AppStore|iPhone.Build.0 = Release|Any CPU
		{4790D5FD-A1EF-4F1F-B51D-700028C93C52}.AppStore|iPhone.Deploy.0 = Release|Any CPU
		{4790D5FD-A1EF-4F1F-B51D-700028C93C52}.AppStore|iPhoneSimulator.ActiveCfg = Release|Any CPU
		{4790D5FD-A1EF-4F1F-B51D-700028C93C52}.AppStore|iPhoneSimulator.Build.0 = Release|Any CPU
		{4790D5FD-A1EF-4F1F-B51D-700028C93C52}.AppStore|iPhoneSimulator.Deploy.0 = Release|Any CPU
		{4790D5FD-A1EF-4F1F-B51D-700028C93C52}.AppStore|x64.ActiveCfg = Release|Any CPU
		{4790D5FD-A1EF-4F1F-B51D-700028C93C52}.AppStore|x64.Build.0 = Release|Any CPU
		{4790D5FD-A1EF-4F1F-B51D-700028C93C52}.AppStore|x64.Deploy.0 = Release|Any CPU
		{4790D5FD-A1EF-4F1F-B51D-700028C93C52}.AppStore|x86.ActiveCfg = Release|Any CPU
		{4790D5FD-A1EF-4F1F-B51D-700028C93C52}.AppStore|x86.Build.0 = Release|Any CPU
		{4790D5FD-A1EF-4F1F-B51D-700028C93C52}.AppStore|x86.Deploy.0 = Release|Any CPU
		{4790D5FD-A1EF-4F1F-B51D-700028C93C52}.Debug|Any CPU.ActiveCfg = Debug|Any CPU
		{4790D5FD-A1EF-4F1F-B51D-700028C93C52}.Debug|Any CPU.Build.0 = Debug|Any CPU
		{4790D5FD-A1EF-4F1F-B51D-700028C93C52}.Debug|Any CPU.Deploy.0 = Debug|Any CPU
		{4790D5FD-A1EF-4F1F-B51D-700028C93C52}.Debug|ARM.ActiveCfg = Debug|Any CPU
		{4790D5FD-A1EF-4F1F-B51D-700028C93C52}.Debug|ARM.Build.0 = Debug|Any CPU
		{4790D5FD-A1EF-4F1F-B51D-700028C93C52}.Debug|ARM.Deploy.0 = Debug|Any CPU
		{4790D5FD-A1EF-4F1F-B51D-700028C93C52}.Debug|iPhone.ActiveCfg = Debug|Any CPU
		{4790D5FD-A1EF-4F1F-B51D-700028C93C52}.Debug|iPhone.Build.0 = Debug|Any CPU
		{4790D5FD-A1EF-4F1F-B51D-700028C93C52}.Debug|iPhone.Deploy.0 = Debug|Any CPU
		{4790D5FD-A1EF-4F1F-B51D-700028C93C52}.Debug|iPhoneSimulator.ActiveCfg = Debug|Any CPU
		{4790D5FD-A1EF-4F1F-B51D-700028C93C52}.Debug|iPhoneSimulator.Build.0 = Debug|Any CPU
		{4790D5FD-A1EF-4F1F-B51D-700028C93C52}.Debug|iPhoneSimulator.Deploy.0 = Debug|Any CPU
		{4790D5FD-A1EF-4F1F-B51D-700028C93C52}.Debug|x64.ActiveCfg = Debug|Any CPU
		{4790D5FD-A1EF-4F1F-B51D-700028C93C52}.Debug|x64.Build.0 = Debug|Any CPU
		{4790D5FD-A1EF-4F1F-B51D-700028C93C52}.Debug|x64.Deploy.0 = Debug|Any CPU
		{4790D5FD-A1EF-4F1F-B51D-700028C93C52}.Debug|x86.ActiveCfg = Debug|Any CPU
		{4790D5FD-A1EF-4F1F-B51D-700028C93C52}.Debug|x86.Build.0 = Debug|Any CPU
		{4790D5FD-A1EF-4F1F-B51D-700028C93C52}.Debug|x86.Deploy.0 = Debug|Any CPU
		{4790D5FD-A1EF-4F1F-B51D-700028C93C52}.Release|Any CPU.ActiveCfg = Release|Any CPU
		{4790D5FD-A1EF-4F1F-B51D-700028C93C52}.Release|Any CPU.Build.0 = Release|Any CPU
		{4790D5FD-A1EF-4F1F-B51D-700028C93C52}.Release|Any CPU.Deploy.0 = Release|Any CPU
		{4790D5FD-A1EF-4F1F-B51D-700028C93C52}.Release|ARM.ActiveCfg = Release|Any CPU
		{4790D5FD-A1EF-4F1F-B51D-700028C93C52}.Release|ARM.Build.0 = Release|Any CPU
		{4790D5FD-A1EF-4F1F-B51D-700028C93C52}.Release|ARM.Deploy.0 = Release|Any CPU
		{4790D5FD-A1EF-4F1F-B51D-700028C93C52}.Release|iPhone.ActiveCfg = Release|Any CPU
		{4790D5FD-A1EF-4F1F-B51D-700028C93C52}.Release|iPhone.Build.0 = Release|Any CPU
		{4790D5FD-A1EF-4F1F-B51D-700028C93C52}.Release|iPhone.Deploy.0 = Release|Any CPU
		{4790D5FD-A1EF-4F1F-B51D-700028C93C52}.Release|iPhoneSimulator.ActiveCfg = Release|Any CPU
		{4790D5FD-A1EF-4F1F-B51D-700028C93C52}.Release|iPhoneSimulator.Build.0 = Release|Any CPU
		{4790D5FD-A1EF-4F1F-B51D-700028C93C52}.Release|iPhoneSimulator.Deploy.0 = Release|Any CPU
		{4790D5FD-A1EF-4F1F-B51D-700028C93C52}.Release|x64.ActiveCfg = Release|Any CPU
		{4790D5FD-A1EF-4F1F-B51D-700028C93C52}.Release|x64.Build.0 = Release|Any CPU
		{4790D5FD-A1EF-4F1F-B51D-700028C93C52}.Release|x64.Deploy.0 = Release|Any CPU
		{4790D5FD-A1EF-4F1F-B51D-700028C93C52}.Release|x86.ActiveCfg = Release|Any CPU
		{4790D5FD-A1EF-4F1F-B51D-700028C93C52}.Release|x86.Build.0 = Release|Any CPU
		{4790D5FD-A1EF-4F1F-B51D-700028C93C52}.Release|x86.Deploy.0 = Release|Any CPU
		{80203F75-4AE3-4CBD-AFAA-93A74660A63E}.Ad-Hoc|Any CPU.ActiveCfg = Ad-Hoc|iPhone
		{80203F75-4AE3-4CBD-AFAA-93A74660A63E}.Ad-Hoc|Any CPU.Build.0 = Ad-Hoc|iPhone
		{80203F75-4AE3-4CBD-AFAA-93A74660A63E}.Ad-Hoc|Any CPU.Deploy.0 = Ad-Hoc|iPhone
		{80203F75-4AE3-4CBD-AFAA-93A74660A63E}.Ad-Hoc|ARM.ActiveCfg = Ad-Hoc|iPhone
		{80203F75-4AE3-4CBD-AFAA-93A74660A63E}.Ad-Hoc|ARM.Build.0 = Ad-Hoc|iPhone
		{80203F75-4AE3-4CBD-AFAA-93A74660A63E}.Ad-Hoc|ARM.Deploy.0 = Ad-Hoc|iPhone
		{80203F75-4AE3-4CBD-AFAA-93A74660A63E}.Ad-Hoc|iPhone.ActiveCfg = Ad-Hoc|iPhone
		{80203F75-4AE3-4CBD-AFAA-93A74660A63E}.Ad-Hoc|iPhone.Build.0 = Ad-Hoc|iPhone
		{80203F75-4AE3-4CBD-AFAA-93A74660A63E}.Ad-Hoc|iPhone.Deploy.0 = Ad-Hoc|iPhone
		{80203F75-4AE3-4CBD-AFAA-93A74660A63E}.Ad-Hoc|iPhoneSimulator.ActiveCfg = Ad-Hoc|iPhoneSimulator
		{80203F75-4AE3-4CBD-AFAA-93A74660A63E}.Ad-Hoc|iPhoneSimulator.Build.0 = Ad-Hoc|iPhoneSimulator
		{80203F75-4AE3-4CBD-AFAA-93A74660A63E}.Ad-Hoc|iPhoneSimulator.Deploy.0 = Ad-Hoc|iPhoneSimulator
		{80203F75-4AE3-4CBD-AFAA-93A74660A63E}.Ad-Hoc|x64.ActiveCfg = Ad-Hoc|iPhone
		{80203F75-4AE3-4CBD-AFAA-93A74660A63E}.Ad-Hoc|x64.Build.0 = Ad-Hoc|iPhone
		{80203F75-4AE3-4CBD-AFAA-93A74660A63E}.Ad-Hoc|x64.Deploy.0 = Ad-Hoc|iPhone
		{80203F75-4AE3-4CBD-AFAA-93A74660A63E}.Ad-Hoc|x86.ActiveCfg = Ad-Hoc|iPhone
		{80203F75-4AE3-4CBD-AFAA-93A74660A63E}.Ad-Hoc|x86.Build.0 = Ad-Hoc|iPhone
		{80203F75-4AE3-4CBD-AFAA-93A74660A63E}.Ad-Hoc|x86.Deploy.0 = Ad-Hoc|iPhone
		{80203F75-4AE3-4CBD-AFAA-93A74660A63E}.AppStore|Any CPU.ActiveCfg = AppStore|iPhone
		{80203F75-4AE3-4CBD-AFAA-93A74660A63E}.AppStore|Any CPU.Build.0 = AppStore|iPhone
		{80203F75-4AE3-4CBD-AFAA-93A74660A63E}.AppStore|Any CPU.Deploy.0 = AppStore|iPhone
		{80203F75-4AE3-4CBD-AFAA-93A74660A63E}.AppStore|ARM.ActiveCfg = AppStore|iPhone
		{80203F75-4AE3-4CBD-AFAA-93A74660A63E}.AppStore|ARM.Build.0 = AppStore|iPhone
		{80203F75-4AE3-4CBD-AFAA-93A74660A63E}.AppStore|ARM.Deploy.0 = AppStore|iPhone
		{80203F75-4AE3-4CBD-AFAA-93A74660A63E}.AppStore|iPhone.ActiveCfg = AppStore|iPhone
		{80203F75-4AE3-4CBD-AFAA-93A74660A63E}.AppStore|iPhone.Build.0 = AppStore|iPhone
		{80203F75-4AE3-4CBD-AFAA-93A74660A63E}.AppStore|iPhone.Deploy.0 = AppStore|iPhone
		{80203F75-4AE3-4CBD-AFAA-93A74660A63E}.AppStore|iPhoneSimulator.ActiveCfg = AppStore|iPhoneSimulator
		{80203F75-4AE3-4CBD-AFAA-93A74660A63E}.AppStore|iPhoneSimulator.Build.0 = AppStore|iPhoneSimulator
		{80203F75-4AE3-4CBD-AFAA-93A74660A63E}.AppStore|iPhoneSimulator.Deploy.0 = AppStore|iPhoneSimulator
		{80203F75-4AE3-4CBD-AFAA-93A74660A63E}.AppStore|x64.ActiveCfg = AppStore|iPhone
		{80203F75-4AE3-4CBD-AFAA-93A74660A63E}.AppStore|x64.Build.0 = AppStore|iPhone
		{80203F75-4AE3-4CBD-AFAA-93A74660A63E}.AppStore|x64.Deploy.0 = AppStore|iPhone
		{80203F75-4AE3-4CBD-AFAA-93A74660A63E}.AppStore|x86.ActiveCfg = AppStore|iPhone
		{80203F75-4AE3-4CBD-AFAA-93A74660A63E}.AppStore|x86.Build.0 = AppStore|iPhone
		{80203F75-4AE3-4CBD-AFAA-93A74660A63E}.AppStore|x86.Deploy.0 = AppStore|iPhone
		{80203F75-4AE3-4CBD-AFAA-93A74660A63E}.Debug|Any CPU.ActiveCfg = Debug|iPhoneSimulator
		{80203F75-4AE3-4CBD-AFAA-93A74660A63E}.Debug|Any CPU.Build.0 = Debug|iPhoneSimulator
		{80203F75-4AE3-4CBD-AFAA-93A74660A63E}.Debug|Any CPU.Deploy.0 = Debug|iPhoneSimulator
		{80203F75-4AE3-4CBD-AFAA-93A74660A63E}.Debug|ARM.ActiveCfg = Debug|iPhone
		{80203F75-4AE3-4CBD-AFAA-93A74660A63E}.Debug|ARM.Build.0 = Debug|iPhone
		{80203F75-4AE3-4CBD-AFAA-93A74660A63E}.Debug|ARM.Deploy.0 = Debug|iPhone
		{80203F75-4AE3-4CBD-AFAA-93A74660A63E}.Debug|iPhone.ActiveCfg = Debug|iPhone
		{80203F75-4AE3-4CBD-AFAA-93A74660A63E}.Debug|iPhone.Build.0 = Debug|iPhone
		{80203F75-4AE3-4CBD-AFAA-93A74660A63E}.Debug|iPhone.Deploy.0 = Debug|iPhone
		{80203F75-4AE3-4CBD-AFAA-93A74660A63E}.Debug|iPhoneSimulator.ActiveCfg = Debug|iPhoneSimulator
		{80203F75-4AE3-4CBD-AFAA-93A74660A63E}.Debug|iPhoneSimulator.Build.0 = Debug|iPhoneSimulator
		{80203F75-4AE3-4CBD-AFAA-93A74660A63E}.Debug|iPhoneSimulator.Deploy.0 = Debug|iPhoneSimulator
		{80203F75-4AE3-4CBD-AFAA-93A74660A63E}.Debug|x64.ActiveCfg = Debug|iPhone
		{80203F75-4AE3-4CBD-AFAA-93A74660A63E}.Debug|x64.Build.0 = Debug|iPhone
		{80203F75-4AE3-4CBD-AFAA-93A74660A63E}.Debug|x64.Deploy.0 = Debug|iPhone
		{80203F75-4AE3-4CBD-AFAA-93A74660A63E}.Debug|x86.ActiveCfg = Debug|iPhone
		{80203F75-4AE3-4CBD-AFAA-93A74660A63E}.Debug|x86.Build.0 = Debug|iPhone
		{80203F75-4AE3-4CBD-AFAA-93A74660A63E}.Debug|x86.Deploy.0 = Debug|iPhone
		{80203F75-4AE3-4CBD-AFAA-93A74660A63E}.Release|Any CPU.ActiveCfg = Release|iPhone
		{80203F75-4AE3-4CBD-AFAA-93A74660A63E}.Release|Any CPU.Build.0 = Release|iPhone
		{80203F75-4AE3-4CBD-AFAA-93A74660A63E}.Release|Any CPU.Deploy.0 = Release|iPhone
		{80203F75-4AE3-4CBD-AFAA-93A74660A63E}.Release|ARM.ActiveCfg = Release|iPhone
		{80203F75-4AE3-4CBD-AFAA-93A74660A63E}.Release|ARM.Build.0 = Release|iPhone
		{80203F75-4AE3-4CBD-AFAA-93A74660A63E}.Release|ARM.Deploy.0 = Release|iPhone
		{80203F75-4AE3-4CBD-AFAA-93A74660A63E}.Release|iPhone.ActiveCfg = Release|iPhone
		{80203F75-4AE3-4CBD-AFAA-93A74660A63E}.Release|iPhone.Build.0 = Release|iPhone
		{80203F75-4AE3-4CBD-AFAA-93A74660A63E}.Release|iPhone.Deploy.0 = Release|iPhone
		{80203F75-4AE3-4CBD-AFAA-93A74660A63E}.Release|iPhoneSimulator.ActiveCfg = Release|iPhoneSimulator
		{80203F75-4AE3-4CBD-AFAA-93A74660A63E}.Release|iPhoneSimulator.Build.0 = Release|iPhoneSimulator
		{80203F75-4AE3-4CBD-AFAA-93A74660A63E}.Release|iPhoneSimulator.Deploy.0 = Release|iPhoneSimulator
		{80203F75-4AE3-4CBD-AFAA-93A74660A63E}.Release|x64.ActiveCfg = Release|iPhone
		{80203F75-4AE3-4CBD-AFAA-93A74660A63E}.Release|x64.Build.0 = Release|iPhone
		{80203F75-4AE3-4CBD-AFAA-93A74660A63E}.Release|x64.Deploy.0 = Release|iPhone
		{80203F75-4AE3-4CBD-AFAA-93A74660A63E}.Release|x86.ActiveCfg = Release|iPhone
		{80203F75-4AE3-4CBD-AFAA-93A74660A63E}.Release|x86.Build.0 = Release|iPhone
		{80203F75-4AE3-4CBD-AFAA-93A74660A63E}.Release|x86.Deploy.0 = Release|iPhone
		{DC3A13B0-F5E2-40D3-8D1A-42F91B170275}.Ad-Hoc|Any CPU.ActiveCfg = Debug|Any CPU
		{DC3A13B0-F5E2-40D3-8D1A-42F91B170275}.Ad-Hoc|Any CPU.Build.0 = Debug|Any CPU
		{DC3A13B0-F5E2-40D3-8D1A-42F91B170275}.Ad-Hoc|Any CPU.Deploy.0 = Debug|Any CPU
		{DC3A13B0-F5E2-40D3-8D1A-42F91B170275}.Ad-Hoc|ARM.ActiveCfg = Debug|Any CPU
		{DC3A13B0-F5E2-40D3-8D1A-42F91B170275}.Ad-Hoc|ARM.Build.0 = Debug|Any CPU
		{DC3A13B0-F5E2-40D3-8D1A-42F91B170275}.Ad-Hoc|ARM.Deploy.0 = Debug|Any CPU
		{DC3A13B0-F5E2-40D3-8D1A-42F91B170275}.Ad-Hoc|iPhone.ActiveCfg = Debug|Any CPU
		{DC3A13B0-F5E2-40D3-8D1A-42F91B170275}.Ad-Hoc|iPhone.Build.0 = Debug|Any CPU
		{DC3A13B0-F5E2-40D3-8D1A-42F91B170275}.Ad-Hoc|iPhone.Deploy.0 = Debug|Any CPU
		{DC3A13B0-F5E2-40D3-8D1A-42F91B170275}.Ad-Hoc|iPhoneSimulator.ActiveCfg = Debug|Any CPU
		{DC3A13B0-F5E2-40D3-8D1A-42F91B170275}.Ad-Hoc|iPhoneSimulator.Build.0 = Debug|Any CPU
		{DC3A13B0-F5E2-40D3-8D1A-42F91B170275}.Ad-Hoc|iPhoneSimulator.Deploy.0 = Debug|Any CPU
		{DC3A13B0-F5E2-40D3-8D1A-42F91B170275}.Ad-Hoc|x64.ActiveCfg = Debug|Any CPU
		{DC3A13B0-F5E2-40D3-8D1A-42F91B170275}.Ad-Hoc|x64.Build.0 = Debug|Any CPU
		{DC3A13B0-F5E2-40D3-8D1A-42F91B170275}.Ad-Hoc|x64.Deploy.0 = Debug|Any CPU
		{DC3A13B0-F5E2-40D3-8D1A-42F91B170275}.Ad-Hoc|x86.ActiveCfg = Debug|Any CPU
		{DC3A13B0-F5E2-40D3-8D1A-42F91B170275}.Ad-Hoc|x86.Build.0 = Debug|Any CPU
		{DC3A13B0-F5E2-40D3-8D1A-42F91B170275}.Ad-Hoc|x86.Deploy.0 = Debug|Any CPU
		{DC3A13B0-F5E2-40D3-8D1A-42F91B170275}.AppStore|Any CPU.ActiveCfg = Debug|Any CPU
		{DC3A13B0-F5E2-40D3-8D1A-42F91B170275}.AppStore|Any CPU.Build.0 = Debug|Any CPU
		{DC3A13B0-F5E2-40D3-8D1A-42F91B170275}.AppStore|Any CPU.Deploy.0 = Debug|Any CPU
		{DC3A13B0-F5E2-40D3-8D1A-42F91B170275}.AppStore|ARM.ActiveCfg = Debug|Any CPU
		{DC3A13B0-F5E2-40D3-8D1A-42F91B170275}.AppStore|ARM.Build.0 = Debug|Any CPU
		{DC3A13B0-F5E2-40D3-8D1A-42F91B170275}.AppStore|ARM.Deploy.0 = Debug|Any CPU
		{DC3A13B0-F5E2-40D3-8D1A-42F91B170275}.AppStore|iPhone.ActiveCfg = Debug|Any CPU
		{DC3A13B0-F5E2-40D3-8D1A-42F91B170275}.AppStore|iPhone.Build.0 = Debug|Any CPU
		{DC3A13B0-F5E2-40D3-8D1A-42F91B170275}.AppStore|iPhone.Deploy.0 = Debug|Any CPU
		{DC3A13B0-F5E2-40D3-8D1A-42F91B170275}.AppStore|iPhoneSimulator.ActiveCfg = Debug|Any CPU
		{DC3A13B0-F5E2-40D3-8D1A-42F91B170275}.AppStore|iPhoneSimulator.Build.0 = Debug|Any CPU
		{DC3A13B0-F5E2-40D3-8D1A-42F91B170275}.AppStore|iPhoneSimulator.Deploy.0 = Debug|Any CPU
		{DC3A13B0-F5E2-40D3-8D1A-42F91B170275}.AppStore|x64.ActiveCfg = Debug|Any CPU
		{DC3A13B0-F5E2-40D3-8D1A-42F91B170275}.AppStore|x64.Build.0 = Debug|Any CPU
		{DC3A13B0-F5E2-40D3-8D1A-42F91B170275}.AppStore|x64.Deploy.0 = Debug|Any CPU
		{DC3A13B0-F5E2-40D3-8D1A-42F91B170275}.AppStore|x86.ActiveCfg = Debug|Any CPU
		{DC3A13B0-F5E2-40D3-8D1A-42F91B170275}.AppStore|x86.Build.0 = Debug|Any CPU
		{DC3A13B0-F5E2-40D3-8D1A-42F91B170275}.AppStore|x86.Deploy.0 = Debug|Any CPU
		{DC3A13B0-F5E2-40D3-8D1A-42F91B170275}.Debug|Any CPU.ActiveCfg = Debug|Any CPU
		{DC3A13B0-F5E2-40D3-8D1A-42F91B170275}.Debug|Any CPU.Build.0 = Debug|Any CPU
		{DC3A13B0-F5E2-40D3-8D1A-42F91B170275}.Debug|Any CPU.Deploy.0 = Debug|Any CPU
		{DC3A13B0-F5E2-40D3-8D1A-42F91B170275}.Debug|ARM.ActiveCfg = Debug|Any CPU
		{DC3A13B0-F5E2-40D3-8D1A-42F91B170275}.Debug|ARM.Build.0 = Debug|Any CPU
		{DC3A13B0-F5E2-40D3-8D1A-42F91B170275}.Debug|ARM.Deploy.0 = Debug|Any CPU
		{DC3A13B0-F5E2-40D3-8D1A-42F91B170275}.Debug|iPhone.ActiveCfg = Debug|Any CPU
		{DC3A13B0-F5E2-40D3-8D1A-42F91B170275}.Debug|iPhone.Build.0 = Debug|Any CPU
		{DC3A13B0-F5E2-40D3-8D1A-42F91B170275}.Debug|iPhone.Deploy.0 = Debug|Any CPU
		{DC3A13B0-F5E2-40D3-8D1A-42F91B170275}.Debug|iPhoneSimulator.ActiveCfg = Debug|Any CPU
		{DC3A13B0-F5E2-40D3-8D1A-42F91B170275}.Debug|iPhoneSimulator.Build.0 = Debug|Any CPU
		{DC3A13B0-F5E2-40D3-8D1A-42F91B170275}.Debug|iPhoneSimulator.Deploy.0 = Debug|Any CPU
		{DC3A13B0-F5E2-40D3-8D1A-42F91B170275}.Debug|x64.ActiveCfg = Debug|Any CPU
		{DC3A13B0-F5E2-40D3-8D1A-42F91B170275}.Debug|x64.Build.0 = Debug|Any CPU
		{DC3A13B0-F5E2-40D3-8D1A-42F91B170275}.Debug|x64.Deploy.0 = Debug|Any CPU
		{DC3A13B0-F5E2-40D3-8D1A-42F91B170275}.Debug|x86.ActiveCfg = Debug|Any CPU
		{DC3A13B0-F5E2-40D3-8D1A-42F91B170275}.Debug|x86.Build.0 = Debug|Any CPU
		{DC3A13B0-F5E2-40D3-8D1A-42F91B170275}.Debug|x86.Deploy.0 = Debug|Any CPU
		{DC3A13B0-F5E2-40D3-8D1A-42F91B170275}.Release|Any CPU.ActiveCfg = Release|Any CPU
		{DC3A13B0-F5E2-40D3-8D1A-42F91B170275}.Release|Any CPU.Build.0 = Release|Any CPU
		{DC3A13B0-F5E2-40D3-8D1A-42F91B170275}.Release|Any CPU.Deploy.0 = Release|Any CPU
		{DC3A13B0-F5E2-40D3-8D1A-42F91B170275}.Release|ARM.ActiveCfg = Release|Any CPU
		{DC3A13B0-F5E2-40D3-8D1A-42F91B170275}.Release|ARM.Build.0 = Release|Any CPU
		{DC3A13B0-F5E2-40D3-8D1A-42F91B170275}.Release|ARM.Deploy.0 = Release|Any CPU
		{DC3A13B0-F5E2-40D3-8D1A-42F91B170275}.Release|iPhone.ActiveCfg = Release|Any CPU
		{DC3A13B0-F5E2-40D3-8D1A-42F91B170275}.Release|iPhone.Build.0 = Release|Any CPU
		{DC3A13B0-F5E2-40D3-8D1A-42F91B170275}.Release|iPhone.Deploy.0 = Release|Any CPU
		{DC3A13B0-F5E2-40D3-8D1A-42F91B170275}.Release|iPhoneSimulator.ActiveCfg = Release|Any CPU
		{DC3A13B0-F5E2-40D3-8D1A-42F91B170275}.Release|iPhoneSimulator.Build.0 = Release|Any CPU
		{DC3A13B0-F5E2-40D3-8D1A-42F91B170275}.Release|iPhoneSimulator.Deploy.0 = Release|Any CPU
		{DC3A13B0-F5E2-40D3-8D1A-42F91B170275}.Release|x64.ActiveCfg = Release|Any CPU
		{DC3A13B0-F5E2-40D3-8D1A-42F91B170275}.Release|x64.Build.0 = Release|Any CPU
		{DC3A13B0-F5E2-40D3-8D1A-42F91B170275}.Release|x64.Deploy.0 = Release|Any CPU
		{DC3A13B0-F5E2-40D3-8D1A-42F91B170275}.Release|x86.ActiveCfg = Release|Any CPU
		{DC3A13B0-F5E2-40D3-8D1A-42F91B170275}.Release|x86.Build.0 = Release|Any CPU
		{DC3A13B0-F5E2-40D3-8D1A-42F91B170275}.Release|x86.Deploy.0 = Release|Any CPU
	EndGlobalSection
	GlobalSection(SolutionProperties) = preSolution
		HideSolutionNode = FALSE
	EndGlobalSection
	GlobalSection(ExtensibilityGlobals) = postSolution
		SolutionGuid = {60D04EA4-0586-4256-B6D9-A90F841FAFB8}
	EndGlobalSection
EndGlobal
